
Microsoft Visual Studio Solution File, Format Version 12.00
# Visual Studio Version 17
VisualStudioVersion = 17.8.34316.72
MinimumVisualStudioVersion = 10.0.40219.1
Project("{FAE04EC0-301F-11D3-BF4B-00C04F79EFBC}") = "VirtualBox vdi to vmdk Converter", "VirtualBox To VMware Converter\VirtualBox vdi to vmdk Converter.csproj", "{A2A57C35-CC1F-444F-AEC5-B60629450357}"
EndProject
Global
	GlobalSection(SolutionConfigurationPlatforms) = preSolution
		Debug|Any CPU = Debug|Any CPU
		Release|Any CPU = Release|Any CPU
	EndGlobalSection
	GlobalSection(ProjectConfigurationPlatforms) = postSolution
		{A2A57C35-CC1F-444F-AEC5-B60629450357}.Debug|Any CPU.ActiveCfg = Debug|Any CPU
		{A2A57C35-CC1F-444F-AEC5-B60629450357}.Debug|Any CPU.Build.0 = Debug|Any CPU
		{A2A57C35-CC1F-444F-AEC5-B60629450357}.Release|Any CPU.ActiveCfg = Release|Any CPU
		{A2A57C35-CC1F-444F-AEC5-B60629450357}.Release|Any CPU.Build.0 = Release|Any CPU
	EndGlobalSection
	GlobalSection(SolutionProperties) = preSolution
		HideSolutionNode = FALSE
	EndGlobalSection
	GlobalSection(ExtensibilityGlobals) = postSolution
		SolutionGuid = {4964A80B-62D6-4246-9C9A-DAFE1789A197}
	EndGlobalSection
EndGlobal
